
Microsoft Visual Studio Solution File, Format Version 12.00
# Visual Studio Version 17
VisualStudioVersion = 17.5.33627.172
MinimumVisualStudioVersion = 10.0.40219.1
Project("{FAE04EC0-301F-11D3-BF4B-00C04F79EFBC}") = "NajotEdu.API", "NajotEdu.API\NajotEdu.API.csproj", "{8330C544-3EE5-4E72-86FE-A2E977A16543}"
EndProject
Global
	GlobalSection(SolutionConfigurationPlatforms) = preSolution
		Debug|Any CPU = Debug|Any CPU
		Release|Any CPU = Release|Any CPU
	EndGlobalSection
	GlobalSection(ProjectConfigurationPlatforms) = postSolution
		{8330C544-3EE5-4E72-86FE-A2E977A16543}.Debug|Any CPU.ActiveCfg = Debug|Any CPU
		{8330C544-3EE5-4E72-86FE-A2E977A16543}.Debug|Any CPU.Build.0 = Debug|Any CPU
		{8330C544-3EE5-4E72-86FE-A2E977A16543}.Release|Any CPU.ActiveCfg = Release|Any CPU
		{8330C544-3EE5-4E72-86FE-A2E977A16543}.Release|Any CPU.Build.0 = Release|Any CPU
	EndGlobalSection
	GlobalSection(SolutionProperties) = preSolution
		HideSolutionNode = FALSE
	EndGlobalSection
	GlobalSection(ExtensibilityGlobals) = postSolution
		SolutionGuid = {6EB02F8D-5A68-481A-B99C-89DC99719A25}
	EndGlobalSection
EndGlobal
